
Microsoft Visual Studio Solution File, Format Version 11.00
# Visual Studio 2010
Project("{FAE04EC0-301F-11D3-BF4B-00C04F79EFBC}") = "DatabaseTest", "DatabaseTest\DatabaseTest.csproj", "{62C0A3EA-F1A3-4817-8693-AE488EDB1411}"
EndProject
Project("{FAE04EC0-301F-11D3-BF4B-00C04F79EFBC}") = "BaseTest", "BaseTest\BaseTest.csproj", "{6F548D61-F18A-4271-9A90-5B5117F76F95}"
EndProject
Project("{FAE04EC0-301F-11D3-BF4B-00C04F79EFBC}") = "XmlTest", "XmlTest\XmlTest.csproj", "{089EAFA0-6A3C-4676-BB04-FAF0BE9A1C5B}"
EndProject
Project("{FAE04EC0-301F-11D3-BF4B-00C04F79EFBC}") = "HttpTest", "HttpTest\HttpTest.csproj", "{56AC35B9-FAE1-415E-A8E9-54A3AAE095C1}"
EndProject
Project("{FAE04EC0-301F-11D3-BF4B-00C04F79EFBC}") = "ProcessTest", "ProcessTest\ProcessTest.csproj", "{AC7A3D30-F741-4C42-9290-853E519D2BDA}"
EndProject
Project("{FAE04EC0-301F-11D3-BF4B-00C04F79EFBC}") = "SqliteTest", "SqliteTest\SqliteTest.csproj", "{EB45E258-DF3A-4DB9-8971-DB198DE5302B}"
EndProject
Project("{FAE04EC0-301F-11D3-BF4B-00C04F79EFBC}") = "RichTextBoxTest", "RichTextBoxTest\RichTextBoxTest.csproj", "{996F582D-A979-4779-B530-736AE44BACF3}"
EndProject
Project("{FAE04EC0-301F-11D3-BF4B-00C04F79EFBC}") = "GdiPlusTest", "GdiPlusTest\GdiPlusTest.csproj", "{EAFD3C91-502B-40CB-96C2-E123AFCB1D54}"
EndProject
Project("{FAE04EC0-301F-11D3-BF4B-00C04F79EFBC}") = "DocToolkit", "..\DrawTools_src\Project\DocToolkit\DocToolkit.csproj", "{EF871417-414A-462F-9B30-6EEC3920499F}"
EndProject
Project("{FAE04EC0-301F-11D3-BF4B-00C04F79EFBC}") = "DrawTools", "..\DrawTools_src\Project\DrawTools\DrawTools.csproj", "{81A153EA-0605-4433-B769-BADDB980A701}"
EndProject
Project("{FAE04EC0-301F-11D3-BF4B-00C04F79EFBC}") = "TimerTest", "TimerTest\TimerTest.csproj", "{FE7BC746-0F46-49EF-BF4A-B048822EE630}"
EndProject
Project("{FAE04EC0-301F-11D3-BF4B-00C04F79EFBC}") = "RevitTest", "RevitTest\RevitTest.csproj", "{488DF670-9462-415E-BDF1-C3DE85B598C6}"
EndProject
Project("{FAE04EC0-301F-11D3-BF4B-00C04F79EFBC}") = "RegexTest", "RegexTest\RegexTest.csproj", "{94C39143-F50C-4F4F-851E-89C9E165E00C}"
EndProject
Global
	GlobalSection(SolutionConfigurationPlatforms) = preSolution
		Debug|Any CPU = Debug|Any CPU
		Debug|Mixed Platforms = Debug|Mixed Platforms
		Debug|x86 = Debug|x86
		Release|Any CPU = Release|Any CPU
		Release|Mixed Platforms = Release|Mixed Platforms
		Release|x86 = Release|x86
	EndGlobalSection
	GlobalSection(ProjectConfigurationPlatforms) = postSolution
		{62C0A3EA-F1A3-4817-8693-AE488EDB1411}.Debug|Any CPU.ActiveCfg = Debug|x86
		{62C0A3EA-F1A3-4817-8693-AE488EDB1411}.Debug|Mixed Platforms.ActiveCfg = Debug|x86
		{62C0A3EA-F1A3-4817-8693-AE488EDB1411}.Debug|Mixed Platforms.Build.0 = Debug|x86
		{62C0A3EA-F1A3-4817-8693-AE488EDB1411}.Debug|x86.ActiveCfg = Debug|x86
		{62C0A3EA-F1A3-4817-8693-AE488EDB1411}.Debug|x86.Build.0 = Debug|x86
		{62C0A3EA-F1A3-4817-8693-AE488EDB1411}.Release|Any CPU.ActiveCfg = Release|x86
		{62C0A3EA-F1A3-4817-8693-AE488EDB1411}.Release|Mixed Platforms.ActiveCfg = Release|x86
		{62C0A3EA-F1A3-4817-8693-AE488EDB1411}.Release|Mixed Platforms.Build.0 = Release|x86
		{62C0A3EA-F1A3-4817-8693-AE488EDB1411}.Release|x86.ActiveCfg = Release|x86
		{62C0A3EA-F1A3-4817-8693-AE488EDB1411}.Release|x86.Build.0 = Release|x86
		{6F548D61-F18A-4271-9A90-5B5117F76F95}.Debug|Any CPU.ActiveCfg = Debug|x86
		{6F548D61-F18A-4271-9A90-5B5117F76F95}.Debug|Mixed Platforms.ActiveCfg = Debug|x86
		{6F548D61-F18A-4271-9A90-5B5117F76F95}.Debug|Mixed Platforms.Build.0 = Debug|x86
		{6F548D61-F18A-4271-9A90-5B5117F76F95}.Debug|x86.ActiveCfg = Debug|x86
		{6F548D61-F18A-4271-9A90-5B5117F76F95}.Debug|x86.Build.0 = Debug|x86
		{6F548D61-F18A-4271-9A90-5B5117F76F95}.Release|Any CPU.ActiveCfg = Release|x86
		{6F548D61-F18A-4271-9A90-5B5117F76F95}.Release|Mixed Platforms.ActiveCfg = Release|x86
		{6F548D61-F18A-4271-9A90-5B5117F76F95}.Release|Mixed Platforms.Build.0 = Release|x86
		{6F548D61-F18A-4271-9A90-5B5117F76F95}.Release|x86.ActiveCfg = Release|x86
		{6F548D61-F18A-4271-9A90-5B5117F76F95}.Release|x86.Build.0 = Release|x86
		{089EAFA0-6A3C-4676-BB04-FAF0BE9A1C5B}.Debug|Any CPU.ActiveCfg = Debug|x86
		{089EAFA0-6A3C-4676-BB04-FAF0BE9A1C5B}.Debug|Mixed Platforms.ActiveCfg = Debug|x86
		{089EAFA0-6A3C-4676-BB04-FAF0BE9A1C5B}.Debug|Mixed Platforms.Build.0 = Debug|x86
		{089EAFA0-6A3C-4676-BB04-FAF0BE9A1C5B}.Debug|x86.ActiveCfg = Debug|x86
		{089EAFA0-6A3C-4676-BB04-FAF0BE9A1C5B}.Debug|x86.Build.0 = Debug|x86
		{089EAFA0-6A3C-4676-BB04-FAF0BE9A1C5B}.Release|Any CPU.ActiveCfg = Release|x86
		{089EAFA0-6A3C-4676-BB04-FAF0BE9A1C5B}.Release|Mixed Platforms.ActiveCfg = Release|x86
		{089EAFA0-6A3C-4676-BB04-FAF0BE9A1C5B}.Release|Mixed Platforms.Build.0 = Release|x86
		{089EAFA0-6A3C-4676-BB04-FAF0BE9A1C5B}.Release|x86.ActiveCfg = Release|x86
		{089EAFA0-6A3C-4676-BB04-FAF0BE9A1C5B}.Release|x86.Build.0 = Release|x86
		{56AC35B9-FAE1-415E-A8E9-54A3AAE095C1}.Debug|Any CPU.ActiveCfg = Debug|Any CPU
		{56AC35B9-FAE1-415E-A8E9-54A3AAE095C1}.Debug|Mixed Platforms.ActiveCfg = Debug|x86
		{56AC35B9-FAE1-415E-A8E9-54A3AAE095C1}.Debug|Mixed Platforms.Build.0 = Debug|x86
		{56AC35B9-FAE1-415E-A8E9-54A3AAE095C1}.Debug|x86.ActiveCfg = Debug|x86
		{56AC35B9-FAE1-415E-A8E9-54A3AAE095C1}.Debug|x86.Build.0 = Debug|x86
		{56AC35B9-FAE1-415E-A8E9-54A3AAE095C1}.Release|Any CPU.ActiveCfg = Release|x86
		{56AC35B9-FAE1-415E-A8E9-54A3AAE095C1}.Release|Mixed Platforms.ActiveCfg = Release|x86
		{56AC35B9-FAE1-415E-A8E9-54A3AAE095C1}.Release|Mixed Platforms.Build.0 = Release|x86
		{56AC35B9-FAE1-415E-A8E9-54A3AAE095C1}.Release|x86.ActiveCfg = Release|x86
		{56AC35B9-FAE1-415E-A8E9-54A3AAE095C1}.Release|x86.Build.0 = Release|x86
		{AC7A3D30-F741-4C42-9290-853E519D2BDA}.Debug|Any CPU.ActiveCfg = Debug|Any CPU
		{AC7A3D30-F741-4C42-9290-853E519D2BDA}.Debug|Any CPU.Build.0 = Debug|Any CPU
		{AC7A3D30-F741-4C42-9290-853E519D2BDA}.Debug|Mixed Platforms.ActiveCfg = Debug|Any CPU
		{AC7A3D30-F741-4C42-9290-853E519D2BDA}.Debug|Mixed Platforms.Build.0 = Debug|Any CPU
		{AC7A3D30-F741-4C42-9290-853E519D2BDA}.Debug|x86.ActiveCfg = Debug|Any CPU
		{AC7A3D30-F741-4C42-9290-853E519D2BDA}.Release|Any CPU.ActiveCfg = Release|Any CPU
		{AC7A3D30-F741-4C42-9290-853E519D2BDA}.Release|Any CPU.Build.0 = Release|Any CPU
		{AC7A3D30-F741-4C42-9290-853E519D2BDA}.Release|Mixed Platforms.ActiveCfg = Release|Any CPU
		{AC7A3D30-F741-4C42-9290-853E519D2BDA}.Release|Mixed Platforms.Build.0 = Release|Any CPU
		{AC7A3D30-F741-4C42-9290-853E519D2BDA}.Release|x86.ActiveCfg = Release|Any CPU
		{EB45E258-DF3A-4DB9-8971-DB198DE5302B}.Debug|Any CPU.ActiveCfg = Debug|x86
		{EB45E258-DF3A-4DB9-8971-DB198DE5302B}.Debug|Mixed Platforms.ActiveCfg = Debug|x86
		{EB45E258-DF3A-4DB9-8971-DB198DE5302B}.Debug|Mixed Platforms.Build.0 = Debug|x86
		{EB45E258-DF3A-4DB9-8971-DB198DE5302B}.Debug|x86.ActiveCfg = Debug|x86
		{EB45E258-DF3A-4DB9-8971-DB198DE5302B}.Debug|x86.Build.0 = Debug|x86
		{EB45E258-DF3A-4DB9-8971-DB198DE5302B}.Release|Any CPU.ActiveCfg = Release|x86
		{EB45E258-DF3A-4DB9-8971-DB198DE5302B}.Release|Mixed Platforms.ActiveCfg = Release|x86
		{EB45E258-DF3A-4DB9-8971-DB198DE5302B}.Release|Mixed Platforms.Build.0 = Release|x86
		{EB45E258-DF3A-4DB9-8971-DB198DE5302B}.Release|x86.ActiveCfg = Release|x86
		{EB45E258-DF3A-4DB9-8971-DB198DE5302B}.Release|x86.Build.0 = Release|x86
		{996F582D-A979-4779-B530-736AE44BACF3}.Debug|Any CPU.ActiveCfg = Debug|Any CPU
		{996F582D-A979-4779-B530-736AE44BACF3}.Debug|Mixed Platforms.ActiveCfg = Debug|x86
		{996F582D-A979-4779-B530-736AE44BACF3}.Debug|Mixed Platforms.Build.0 = Debug|x86
		{996F582D-A979-4779-B530-736AE44BACF3}.Debug|x86.ActiveCfg = Debug|x86
		{996F582D-A979-4779-B530-736AE44BACF3}.Debug|x86.Build.0 = Debug|x86
		{996F582D-A979-4779-B530-736AE44BACF3}.Release|Any CPU.ActiveCfg = Release|x86
		{996F582D-A979-4779-B530-736AE44BACF3}.Release|Mixed Platforms.ActiveCfg = Release|x86
		{996F582D-A979-4779-B530-736AE44BACF3}.Release|Mixed Platforms.Build.0 = Release|x86
		{996F582D-A979-4779-B530-736AE44BACF3}.Release|x86.ActiveCfg = Release|x86
		{996F582D-A979-4779-B530-736AE44BACF3}.Release|x86.Build.0 = Release|x86
		{EAFD3C91-502B-40CB-96C2-E123AFCB1D54}.Debug|Any CPU.ActiveCfg = Debug|Any CPU
		{EAFD3C91-502B-40CB-96C2-E123AFCB1D54}.Debug|Mixed Platforms.ActiveCfg = Debug|x86
		{EAFD3C91-502B-40CB-96C2-E123AFCB1D54}.Debug|Mixed Platforms.Build.0 = Debug|x86
		{EAFD3C91-502B-40CB-96C2-E123AFCB1D54}.Debug|x86.ActiveCfg = Debug|x86
		{EAFD3C91-502B-40CB-96C2-E123AFCB1D54}.Debug|x86.Build.0 = Debug|x86
		{EAFD3C91-502B-40CB-96C2-E123AFCB1D54}.Release|Any CPU.ActiveCfg = Release|x86
		{EAFD3C91-502B-40CB-96C2-E123AFCB1D54}.Release|Mixed Platforms.ActiveCfg = Release|x86
		{EAFD3C91-502B-40CB-96C2-E123AFCB1D54}.Release|Mixed Platforms.Build.0 = Release|x86
		{EAFD3C91-502B-40CB-96C2-E123AFCB1D54}.Release|x86.ActiveCfg = Release|x86
		{EAFD3C91-502B-40CB-96C2-E123AFCB1D54}.Release|x86.Build.0 = Release|x86
		{EF871417-414A-462F-9B30-6EEC3920499F}.Debug|Any CPU.ActiveCfg = Debug|Any CPU
		{EF871417-414A-462F-9B30-6EEC3920499F}.Debug|Any CPU.Build.0 = Debug|Any CPU
		{EF871417-414A-462F-9B30-6EEC3920499F}.Debug|Mixed Platforms.ActiveCfg = Debug|Any CPU
		{EF871417-414A-462F-9B30-6EEC3920499F}.Debug|Mixed Platforms.Build.0 = Debug|Any CPU
		{EF871417-414A-462F-9B30-6EEC3920499F}.Debug|x86.ActiveCfg = Debug|Any CPU
		{EF871417-414A-462F-9B30-6EEC3920499F}.Release|Any CPU.ActiveCfg = Release|Any CPU
		{EF871417-414A-462F-9B30-6EEC3920499F}.Release|Any CPU.Build.0 = Release|Any CPU
		{EF871417-414A-462F-9B30-6EEC3920499F}.Release|Mixed Platforms.ActiveCfg = Release|Any CPU
		{EF871417-414A-462F-9B30-6EEC3920499F}.Release|Mixed Platforms.Build.0 = Release|Any CPU
		{EF871417-414A-462F-9B30-6EEC3920499F}.Release|x86.ActiveCfg = Release|Any CPU
		{81A153EA-0605-4433-B769-BADDB980A701}.Debug|Any CPU.ActiveCfg = Debug|Any CPU
		{81A153EA-0605-4433-B769-BADDB980A701}.Debug|Any CPU.Build.0 = Debug|Any CPU
		{81A153EA-0605-4433-B769-BADDB980A701}.Debug|Mixed Platforms.ActiveCfg = Debug|Any CPU
		{81A153EA-0605-4433-B769-BADDB980A701}.Debug|Mixed Platforms.Build.0 = Debug|Any CPU
		{81A153EA-0605-4433-B769-BADDB980A701}.Debug|x86.ActiveCfg = Debug|Any CPU
		{81A153EA-0605-4433-B769-BADDB980A701}.Release|Any CPU.ActiveCfg = Release|Any CPU
		{81A153EA-0605-4433-B769-BADDB980A701}.Release|Any CPU.Build.0 = Release|Any CPU
		{81A153EA-0605-4433-B769-BADDB980A701}.Release|Mixed Platforms.ActiveCfg = Release|Any CPU
		{81A153EA-0605-4433-B769-BADDB980A701}.Release|Mixed Platforms.Build.0 = Release|Any CPU
		{81A153EA-0605-4433-B769-BADDB980A701}.Release|x86.ActiveCfg = Release|Any CPU
		{FE7BC746-0F46-49EF-BF4A-B048822EE630}.Debug|Any CPU.ActiveCfg = Debug|x86
		{FE7BC746-0F46-49EF-BF4A-B048822EE630}.Debug|Mixed Platforms.ActiveCfg = Debug|x86
		{FE7BC746-0F46-49EF-BF4A-B048822EE630}.Debug|Mixed Platforms.Build.0 = Debug|x86
		{FE7BC746-0F46-49EF-BF4A-B048822EE630}.Debug|x86.ActiveCfg = Debug|x86
		{FE7BC746-0F46-49EF-BF4A-B048822EE630}.Debug|x86.Build.0 = Debug|x86
		{FE7BC746-0F46-49EF-BF4A-B048822EE630}.Release|Any CPU.ActiveCfg = Release|x86
		{FE7BC746-0F46-49EF-BF4A-B048822EE630}.Release|Mixed Platforms.ActiveCfg = Release|x86
		{FE7BC746-0F46-49EF-BF4A-B048822EE630}.Release|Mixed Platforms.Build.0 = Release|x86
		{FE7BC746-0F46-49EF-BF4A-B048822EE630}.Release|x86.ActiveCfg = Release|x86
		{FE7BC746-0F46-49EF-BF4A-B048822EE630}.Release|x86.Build.0 = Release|x86
		{488DF670-9462-415E-BDF1-C3DE85B598C6}.Debug|Any CPU.ActiveCfg = Debug|Any CPU
		{488DF670-9462-415E-BDF1-C3DE85B598C6}.Debug|Any CPU.Build.0 = Debug|Any CPU
		{488DF670-9462-415E-BDF1-C3DE85B598C6}.Debug|Mixed Platforms.ActiveCfg = Debug|Any CPU
		{488DF670-9462-415E-BDF1-C3DE85B598C6}.Debug|Mixed Platforms.Build.0 = Debug|Any CPU
		{488DF670-9462-415E-BDF1-C3DE85B598C6}.Debug|x86.ActiveCfg = Debug|Any CPU
		{488DF670-9462-415E-BDF1-C3DE85B598C6}.Release|Any CPU.ActiveCfg = Release|Any CPU
		{488DF670-9462-415E-BDF1-C3DE85B598C6}.Release|Any CPU.Build.0 = Release|Any CPU
		{488DF670-9462-415E-BDF1-C3DE85B598C6}.Release|Mixed Platforms.ActiveCfg = Release|Any CPU
		{488DF670-9462-415E-BDF1-C3DE85B598C6}.Release|Mixed Platforms.Build.0 = Release|Any CPU
		{488DF670-9462-415E-BDF1-C3DE85B598C6}.Release|x86.ActiveCfg = Release|Any CPU
		{94C39143-F50C-4F4F-851E-89C9E165E00C}.Debug|Any CPU.ActiveCfg = Debug|x86
		{94C39143-F50C-4F4F-851E-89C9E165E00C}.Debug|Mixed Platforms.ActiveCfg = Debug|x86
		{94C39143-F50C-4F4F-851E-89C9E165E00C}.Debug|Mixed Platforms.Build.0 = Debug|x86
		{94C39143-F50C-4F4F-851E-89C9E165E00C}.Debug|x86.ActiveCfg = Debug|x86
		{94C39143-F50C-4F4F-851E-89C9E165E00C}.Debug|x86.Build.0 = Debug|x86
		{94C39143-F50C-4F4F-851E-89C9E165E00C}.Release|Any CPU.ActiveCfg = Release|x86
		{94C39143-F50C-4F4F-851E-89C9E165E00C}.Release|Mixed Platforms.ActiveCfg = Release|x86
		{94C39143-F50C-4F4F-851E-89C9E165E00C}.Release|Mixed Platforms.Build.0 = Release|x86
		{94C39143-F50C-4F4F-851E-89C9E165E00C}.Release|x86.ActiveCfg = Release|x86
		{94C39143-F50C-4F4F-851E-89C9E165E00C}.Release|x86.Build.0 = Release|x86
	EndGlobalSection
	GlobalSection(SolutionProperties) = preSolution
		HideSolutionNode = FALSE
	EndGlobalSection
EndGlobal
